lockfileVersion: '9.0'

settings:
  autoInstallPeers: true
  excludeLinksFromLockfile: false

importers:

  .:
    dependencies:
      '@types/css-tree':
        specifier: ^2.3.11
        version: 2.3.11
      css-tree:
        specifier: ^3.1.0
        version: 3.1.0

packages:

  '@types/css-tree@2.3.11':
    resolution: {integrity: sha512-aEokibJOI77uIlqoBOkVbaQGC9zII0A+JH1kcTNKW2CwyYWD8KM6qdo+4c77wD3wZOQfJuNWAr9M4hdk+YhDIg==}

  css-tree@3.1.0:
    resolution: {integrity: sha512-0eW44TGN5SQXU1mWSkKwFstI/22X2bG1nYzZTYMAWjylYURhse752YgbE4Cx46AC+bAvI+/dYTPRk1LqSUnu6w==}
    engines: {node: ^10 || ^12.20.0 || ^14.13.0 || >=15.0.0}

  mdn-data@2.12.2:
    resolution: {integrity: sha512-IEn+pegP1aManZuckezWCO+XZQDplx1366JoVhTpMpBB1sPey/SbveZQUosKiKiGYjg1wH4pMlNgXbCiYgihQA==}

  source-map-js@1.2.1:
    resolution: {integrity: sha512-UXWMKhLOwVKb728IUtQPXxfYU+usdybtUrK/8uGE8CQMvrhOpwvzDBwj0QhSL7MQc7vIsISBG8VQ8+IDQxpfQA==}
    engines: {node: '>=0.10.0'}

snapshots:

  '@types/css-tree@2.3.11': {}

  css-tree@3.1.0:
    dependencies:
      mdn-data: 2.12.2
      source-map-js: 1.2.1

  mdn-data@2.12.2: {}

  source-map-js@1.2.1: {}
